
Microsoft Visual Studio Solution File, Format Version 12.00
Project("{2150E333-8FDC-42A3-9474-1A3956D46DE8}") = "src", "src", "{6DA960E3-F24A-4264-AA7F-EF5D8B59D63E}"
EndProject
Project("{2150E333-8FDC-42A3-9474-1A3956D46DE8}") = "common", "common", "{462B1BDC-D62F-4EF5-A2D9-0C618B133544}"
EndProject
Project("{2150E333-8FDC-42A3-9474-1A3956D46DE8}") = "host", "host", "{D13BACA4-F9E1-40BC-89AC-F1948F06B42C}"
EndProject
Project("{2150E333-8FDC-42A3-9474-1A3956D46DE8}") = "modules", "modules", "{A6E9C587-C519-4780-B95B-0EB29CA77472}"
EndProject
Project("{FAE04EC0-301F-11D3-BF4B-00C04F79EFBC}") = "BuildingBlocks.Domain", "src\common\BuildingBlocks.Domain\BuildingBlocks.Domain.csproj", "{DA797193-4CE4-456E-B5C1-6A8BD3A2E5C0}"
EndProject
Project("{FAE04EC0-301F-11D3-BF4B-00C04F79EFBC}") = "BuildingBlocks.Application", "src\common\BuildingBlocks.Application\BuildingBlocks.Application.csproj", "{65FF7A07-1664-4D66-A6D7-DF22852B1F6F}"
EndProject
Project("{FAE04EC0-301F-11D3-BF4B-00C04F79EFBC}") = "BuildingBlocks.Infrastructure", "src\common\BuildingBlocks.Infrastructure\BuildingBlocks.Infrastructure.csproj", "{35AC0F30-22AE-49E4-A01D-249E9FF6CD89}"
EndProject
Project("{2150E333-8FDC-42A3-9474-1A3956D46DE8}") = "tests", "tests", "{56B842B8-EEAC-4869-A767-E5456E05D66E}"
EndProject
Project("{FAE04EC0-301F-11D3-BF4B-00C04F79EFBC}") = "BuildingBlocks.SharedKernel", "src\common\BuildingBlocks.SharedKernel\BuildingBlocks.SharedKernel.csproj", "{6F8F4AAA-DF56-4181-9725-349C048AF024}"
EndProject
Project("{FAE04EC0-301F-11D3-BF4B-00C04F79EFBC}") = "BuildingBlocks.SharedKernel.UnitTests", "src\tests\BuildingBlocks.SharedKernel.UnitTests\BuildingBlocks.SharedKernel.UnitTests.csproj", "{87B3DB5B-0BEE-48B9-AB68-D5A829D245A1}"
EndProject
Global
	GlobalSection(SolutionConfigurationPlatforms) = preSolution
		Debug|Any CPU = Debug|Any CPU
		Release|Any CPU = Release|Any CPU
	EndGlobalSection
	GlobalSection(NestedProjects) = preSolution
		{462B1BDC-D62F-4EF5-A2D9-0C618B133544} = {6DA960E3-F24A-4264-AA7F-EF5D8B59D63E}
		{D13BACA4-F9E1-40BC-89AC-F1948F06B42C} = {6DA960E3-F24A-4264-AA7F-EF5D8B59D63E}
		{A6E9C587-C519-4780-B95B-0EB29CA77472} = {6DA960E3-F24A-4264-AA7F-EF5D8B59D63E}
		{DA797193-4CE4-456E-B5C1-6A8BD3A2E5C0} = {462B1BDC-D62F-4EF5-A2D9-0C618B133544}
		{65FF7A07-1664-4D66-A6D7-DF22852B1F6F} = {462B1BDC-D62F-4EF5-A2D9-0C618B133544}
		{35AC0F30-22AE-49E4-A01D-249E9FF6CD89} = {462B1BDC-D62F-4EF5-A2D9-0C618B133544}
		{56B842B8-EEAC-4869-A767-E5456E05D66E} = {6DA960E3-F24A-4264-AA7F-EF5D8B59D63E}
		{6F8F4AAA-DF56-4181-9725-349C048AF024} = {462B1BDC-D62F-4EF5-A2D9-0C618B133544}
		{87B3DB5B-0BEE-48B9-AB68-D5A829D245A1} = {56B842B8-EEAC-4869-A767-E5456E05D66E}
	EndGlobalSection
	GlobalSection(ProjectConfigurationPlatforms) = postSolution
		{DA797193-4CE4-456E-B5C1-6A8BD3A2E5C0}.Debug|Any CPU.ActiveCfg = Debug|Any CPU
		{DA797193-4CE4-456E-B5C1-6A8BD3A2E5C0}.Debug|Any CPU.Build.0 = Debug|Any CPU
		{DA797193-4CE4-456E-B5C1-6A8BD3A2E5C0}.Release|Any CPU.ActiveCfg = Release|Any CPU
		{DA797193-4CE4-456E-B5C1-6A8BD3A2E5C0}.Release|Any CPU.Build.0 = Release|Any CPU
		{65FF7A07-1664-4D66-A6D7-DF22852B1F6F}.Debug|Any CPU.ActiveCfg = Debug|Any CPU
		{65FF7A07-1664-4D66-A6D7-DF22852B1F6F}.Debug|Any CPU.Build.0 = Debug|Any CPU
		{65FF7A07-1664-4D66-A6D7-DF22852B1F6F}.Release|Any CPU.ActiveCfg = Release|Any CPU
		{65FF7A07-1664-4D66-A6D7-DF22852B1F6F}.Release|Any CPU.Build.0 = Release|Any CPU
		{35AC0F30-22AE-49E4-A01D-249E9FF6CD89}.Debug|Any CPU.ActiveCfg = Debug|Any CPU
		{35AC0F30-22AE-49E4-A01D-249E9FF6CD89}.Debug|Any CPU.Build.0 = Debug|Any CPU
		{35AC0F30-22AE-49E4-A01D-249E9FF6CD89}.Release|Any CPU.ActiveCfg = Release|Any CPU
		{35AC0F30-22AE-49E4-A01D-249E9FF6CD89}.Release|Any CPU.Build.0 = Release|Any CPU
		{6F8F4AAA-DF56-4181-9725-349C048AF024}.Debug|Any CPU.ActiveCfg = Debug|Any CPU
		{6F8F4AAA-DF56-4181-9725-349C048AF024}.Debug|Any CPU.Build.0 = Debug|Any CPU
		{6F8F4AAA-DF56-4181-9725-349C048AF024}.Release|Any CPU.ActiveCfg = Release|Any CPU
		{6F8F4AAA-DF56-4181-9725-349C048AF024}.Release|Any CPU.Build.0 = Release|Any CPU
		{87B3DB5B-0BEE-48B9-AB68-D5A829D245A1}.Debug|Any CPU.ActiveCfg = Debug|Any CPU
		{87B3DB5B-0BEE-48B9-AB68-D5A829D245A1}.Debug|Any CPU.Build.0 = Debug|Any CPU
		{87B3DB5B-0BEE-48B9-AB68-D5A829D245A1}.Release|Any CPU.ActiveCfg = Release|Any CPU
		{87B3DB5B-0BEE-48B9-AB68-D5A829D245A1}.Release|Any CPU.Build.0 = Release|Any CPU
	EndGlobalSection
EndGlobal
