
Microsoft Visual Studio Solution File, Format Version 12.00
Project("{2150E333-8FDC-42A3-9474-1A3956D46DE8}") = "src", "src", "{6DA960E3-F24A-4264-AA7F-EF5D8B59D63E}"
EndProject
Project("{2150E333-8FDC-42A3-9474-1A3956D46DE8}") = "common", "common", "{462B1BDC-D62F-4EF5-A2D9-0C618B133544}"
EndProject
Project("{2150E333-8FDC-42A3-9474-1A3956D46DE8}") = "host", "host", "{D13BACA4-F9E1-40BC-89AC-F1948F06B42C}"
EndProject
Project("{2150E333-8FDC-42A3-9474-1A3956D46DE8}") = "modules", "modules", "{A6E9C587-C519-4780-B95B-0EB29CA77472}"
EndProject
Project("{FAE04EC0-301F-11D3-BF4B-00C04F79EFBC}") = "BuildingBlocks.Domain", "src\common\BuildingBlocks.Domain\BuildingBlocks.Domain.csproj", "{DA797193-4CE4-456E-B5C1-6A8BD3A2E5C0}"
EndProject
Global
	GlobalSection(SolutionConfigurationPlatforms) = preSolution
		Debug|Any CPU = Debug|Any CPU
		Release|Any CPU = Release|Any CPU
	EndGlobalSection
	GlobalSection(NestedProjects) = preSolution
		{462B1BDC-D62F-4EF5-A2D9-0C618B133544} = {6DA960E3-F24A-4264-AA7F-EF5D8B59D63E}
		{D13BACA4-F9E1-40BC-89AC-F1948F06B42C} = {6DA960E3-F24A-4264-AA7F-EF5D8B59D63E}
		{A6E9C587-C519-4780-B95B-0EB29CA77472} = {6DA960E3-F24A-4264-AA7F-EF5D8B59D63E}
		{DA797193-4CE4-456E-B5C1-6A8BD3A2E5C0} = {462B1BDC-D62F-4EF5-A2D9-0C618B133544}
	EndGlobalSection
	GlobalSection(ProjectConfigurationPlatforms) = postSolution
		{DA797193-4CE4-456E-B5C1-6A8BD3A2E5C0}.Debug|Any CPU.ActiveCfg = Debug|Any CPU
		{DA797193-4CE4-456E-B5C1-6A8BD3A2E5C0}.Debug|Any CPU.Build.0 = Debug|Any CPU
		{DA797193-4CE4-456E-B5C1-6A8BD3A2E5C0}.Release|Any CPU.ActiveCfg = Release|Any CPU
		{DA797193-4CE4-456E-B5C1-6A8BD3A2E5C0}.Release|Any CPU.Build.0 = Release|Any CPU
	EndGlobalSection
EndGlobal
